
Microsoft Visual Studio Solution File, Format Version 12.00
# Visual Studio 15
VisualStudioVersion = 15.0.28010.2050
MinimumVisualStudioVersion = 10.0.40219.1
Project("{9A19103F-16F7-4668-BE54-9A1E7A4F7556}") = "ObserverPattern", "ObserverPattern\ObserverPattern.csproj", "{88C2AAB7-0CBB-4B84-9BE8-EA9AA8CA62F7}"
EndProject
Project("{2150E333-8FDC-42A3-9474-1A3956D46DE8}") = "3、行为型模式", "3、行为型模式", "{AC9CE066-C9F3-4B63-B00D-92F83747FCC9}"
EndProject
Project("{2150E333-8FDC-42A3-9474-1A3956D46DE8}") = "1、创建型模式", "1、创建型模式", "{BE64DF81-8760-43DC-91B3-3597B0553745}"
EndProject
Project("{2150E333-8FDC-42A3-9474-1A3956D46DE8}") = "2、结构弄模式", "2、结构弄模式", "{2386A5CC-2726-48A6-96F6-B298BC3A28A4}"
EndProject
Project("{2150E333-8FDC-42A3-9474-1A3956D46DE8}") = "18观察者模式", "18观察者模式", "{DCB10BC0-0F42-4BF3-9F5A-8B7F0E87D1F0}"
EndProject
Project("{9A19103F-16F7-4668-BE54-9A1E7A4F7556}") = "ObserverPatternEnvent", "ObserverPatternEnvent\ObserverPatternEnvent.csproj", "{6F823092-74AF-40C0-8C74-1592F6682E45}"
EndProject
Project("{9A19103F-16F7-4668-BE54-9A1E7A4F7556}") = "OOPPattern", "OOPPattern\OOPPattern.csproj", "{87288EDC-61E3-43FF-AE85-82BB0B1E9B7B}"
EndProject
Project("{2150E333-8FDC-42A3-9474-1A3956D46DE8}") = "1、Singleton单件", "1、Singleton单件", "{B8C7B56A-8ABE-4B24-930A-8ABFDF8ADA93}"
EndProject
Project("{9A19103F-16F7-4668-BE54-9A1E7A4F7556}") = "SingletonPattern", "SingletonPattern\SingletonPattern.csproj", "{9E488220-BF26-4471-A739-EEA2A29E08AF}"
EndProject
Project("{2150E333-8FDC-42A3-9474-1A3956D46DE8}") = "3、Bulider生成器", "3、Bulider生成器", "{90262ABA-A841-4654-8CB5-E732AE995005}"
EndProject
Project("{2150E333-8FDC-42A3-9474-1A3956D46DE8}") = "4、FactoryMethod工厂方法模式", "4、FactoryMethod工厂方法模式", "{DBFD33FC-4841-407E-83B0-43CAD57149B2}"
EndProject
Project("{2150E333-8FDC-42A3-9474-1A3956D46DE8}") = "5、Prototype原型模式", "5、Prototype原型模式", "{86F61C83-EEA6-4007-98B8-395E0508426E}"
EndProject
Project("{2150E333-8FDC-42A3-9474-1A3956D46DE8}") = "6、Adapter适配器模式", "6、Adapter适配器模式", "{76B34951-BFAE-4D9F-8928-2D8EE3C94CCF}"
EndProject
Project("{2150E333-8FDC-42A3-9474-1A3956D46DE8}") = "7、Bridge桥接模式", "7、Bridge桥接模式", "{79F74D8F-26A0-4F7E-96DD-FB92CB335702}"
EndProject
Project("{2150E333-8FDC-42A3-9474-1A3956D46DE8}") = "8、Composite组合模式", "8、Composite组合模式", "{8D9B0086-AC40-443B-A4EA-F6D0EB26022B}"
EndProject
Project("{2150E333-8FDC-42A3-9474-1A3956D46DE8}") = "9、Decorator装饰模式", "9、Decorator装饰模式", "{61601E2D-728F-4B0B-BE65-D6976CED4FD5}"
EndProject
Project("{2150E333-8FDC-42A3-9474-1A3956D46DE8}") = "2、AbstractFactory抽象工厂模式", "2、AbstractFactory抽象工厂模式", "{02240AFA-9658-498E-931A-7A19D8356711}"
EndProject
Project("{9A19103F-16F7-4668-BE54-9A1E7A4F7556}") = "AbstractFactoryPattern", "AbstractFactoryPattern\AbstractFactoryPattern.csproj", "{E823D53E-4065-4FD6-8101-4DFEA3817F47}"
EndProject
Project("{9A19103F-16F7-4668-BE54-9A1E7A4F7556}") = "BuilderPattern", "BuiderPattern\BuilderPattern.csproj", "{5BEDE6CC-A1FB-4B66-9D7B-81A763503527}"
EndProject
Project("{9A19103F-16F7-4668-BE54-9A1E7A4F7556}") = "FactoryMethodPattern", "FactoryMethodPattern\FactoryMethodPattern.csproj", "{CE5B33B4-11F1-42C7-92CF-A89EBEF59AB1}"
EndProject
Project("{9A19103F-16F7-4668-BE54-9A1E7A4F7556}") = "PrototypePattern", "PrototypePattern\PrototypePattern.csproj", "{58B82F4A-8CA4-4065-970F-9443F237709C}"
EndProject
Project("{9A19103F-16F7-4668-BE54-9A1E7A4F7556}") = "AdapterPattern", "AdapterPattern\AdapterPattern.csproj", "{27F13017-2360-436F-ABFF-B1AD34E4F341}"
EndProject
Project("{9A19103F-16F7-4668-BE54-9A1E7A4F7556}") = "BridgePattern", "BridgePattern\BridgePattern.csproj", "{3E211CB8-2744-4FC6-B118-CF09D0290AF2}"
EndProject
Project("{9A19103F-16F7-4668-BE54-9A1E7A4F7556}") = "BridgePatternEvolution", "BridgePatternEvolution\BridgePatternEvolution.csproj", "{7C0A68AD-B2A8-44C4-A407-3F16F4332497}"
EndProject
Project("{9A19103F-16F7-4668-BE54-9A1E7A4F7556}") = "CompositePattern", "CompositePattern\CompositePattern.csproj", "{7CF48E15-1073-4DAC-9E3F-CD578971C0EB}"
EndProject
Project("{9A19103F-16F7-4668-BE54-9A1E7A4F7556}") = "DecoratorPattern", "DecoratorPattern\DecoratorPattern.csproj", "{212AA6CE-C6AA-4233-9E1E-025FF82322ED}"
EndProject
Project("{2150E333-8FDC-42A3-9474-1A3956D46DE8}") = "11、Facade外观", "11、Facade外观", "{D29F4A8B-7DE2-4783-8469-2CF23363F0F0}"
EndProject
Project("{9A19103F-16F7-4668-BE54-9A1E7A4F7556}") = "FacadePattern", "FacadePattern\FacadePattern.csproj", "{7A9C95DE-9748-44FA-AB99-778BC33802D7}"
EndProject
Project("{9A19103F-16F7-4668-BE54-9A1E7A4F7556}") = "SubFacadePattern", "SubFacadePattern\SubFacadePattern.csproj", "{FBAEC551-CFA1-4EFC-962A-8B577D3CA682}"
EndProject
Project("{2150E333-8FDC-42A3-9474-1A3956D46DE8}") = "12、Flyweight享元模式", "12、Flyweight享元模式", "{FFEABC22-E957-4B91-AEC7-54392AA00F0E}"
EndProject
Project("{9A19103F-16F7-4668-BE54-9A1E7A4F7556}") = "FlyweightPattern", "FlyweightPattern\FlyweightPattern.csproj", "{359FA024-B7EF-4183-A824-F87BDF8E9132}"
EndProject
Project("{2150E333-8FDC-42A3-9474-1A3956D46DE8}") = "13、ProxyPattern", "13、ProxyPattern", "{19D9A680-CA4C-41FD-BB84-E0C36A0D191B}"
EndProject
Project("{9A19103F-16F7-4668-BE54-9A1E7A4F7556}") = "ProxyPattern", "ProxyPattern\ProxyPattern.csproj", "{95F61065-5D6D-4D50-A5A4-FF7EADC828CC}"
EndProject
Project("{2150E333-8FDC-42A3-9474-1A3956D46DE8}") = "14、TemplateMethod模板方法", "14、TemplateMethod模板方法", "{835F9DD3-087F-4453-9893-6EF0D1ABB08E}"
EndProject
Project("{FAE04EC0-301F-11D3-BF4B-00C04F79EFBC}") = "TemplateMethodPattern", "TemplateMethodPattern\TemplateMethodPattern.csproj", "{3B950183-D35E-4A22-8200-12EA25107F48}"
EndProject
Project("{2150E333-8FDC-42A3-9474-1A3956D46DE8}") = "15、Command 命令模式", "15、Command 命令模式", "{60279EBF-58DC-49EC-8C25-F22DBBC98E29}"
EndProject
Project("{FAE04EC0-301F-11D3-BF4B-00C04F79EFBC}") = "CommandPattern", "CommandPattern\CommandPattern.csproj", "{BA9A19C3-AF79-4E0F-9DBF-03AD17AC8A8F}"
EndProject
Project("{2150E333-8FDC-42A3-9474-1A3956D46DE8}") = "16、Interpreter 解释器模式", "16、Interpreter 解释器模式", "{9AB443F2-62CE-4B0A-95FC-2C16431A04B1}"
EndProject
Global
	GlobalSection(SolutionConfigurationPlatforms) = preSolution
		Debug|Any CPU = Debug|Any CPU
		Release|Any CPU = Release|Any CPU
	EndGlobalSection
	GlobalSection(ProjectConfigurationPlatforms) = postSolution
		{88C2AAB7-0CBB-4B84-9BE8-EA9AA8CA62F7}.Debug|Any CPU.ActiveCfg = Debug|Any CPU
		{88C2AAB7-0CBB-4B84-9BE8-EA9AA8CA62F7}.Debug|Any CPU.Build.0 = Debug|Any CPU
		{88C2AAB7-0CBB-4B84-9BE8-EA9AA8CA62F7}.Release|Any CPU.ActiveCfg = Release|Any CPU
		{88C2AAB7-0CBB-4B84-9BE8-EA9AA8CA62F7}.Release|Any CPU.Build.0 = Release|Any CPU
		{6F823092-74AF-40C0-8C74-1592F6682E45}.Debug|Any CPU.ActiveCfg = Debug|Any CPU
		{6F823092-74AF-40C0-8C74-1592F6682E45}.Debug|Any CPU.Build.0 = Debug|Any CPU
		{6F823092-74AF-40C0-8C74-1592F6682E45}.Release|Any CPU.ActiveCfg = Release|Any CPU
		{6F823092-74AF-40C0-8C74-1592F6682E45}.Release|Any CPU.Build.0 = Release|Any CPU
		{87288EDC-61E3-43FF-AE85-82BB0B1E9B7B}.Debug|Any CPU.ActiveCfg = Debug|Any CPU
		{87288EDC-61E3-43FF-AE85-82BB0B1E9B7B}.Debug|Any CPU.Build.0 = Debug|Any CPU
		{87288EDC-61E3-43FF-AE85-82BB0B1E9B7B}.Release|Any CPU.ActiveCfg = Release|Any CPU
		{87288EDC-61E3-43FF-AE85-82BB0B1E9B7B}.Release|Any CPU.Build.0 = Release|Any CPU
		{9E488220-BF26-4471-A739-EEA2A29E08AF}.Debug|Any CPU.ActiveCfg = Debug|Any CPU
		{9E488220-BF26-4471-A739-EEA2A29E08AF}.Debug|Any CPU.Build.0 = Debug|Any CPU
		{9E488220-BF26-4471-A739-EEA2A29E08AF}.Release|Any CPU.ActiveCfg = Release|Any CPU
		{9E488220-BF26-4471-A739-EEA2A29E08AF}.Release|Any CPU.Build.0 = Release|Any CPU
		{E823D53E-4065-4FD6-8101-4DFEA3817F47}.Debug|Any CPU.ActiveCfg = Debug|Any CPU
		{E823D53E-4065-4FD6-8101-4DFEA3817F47}.Debug|Any CPU.Build.0 = Debug|Any CPU
		{E823D53E-4065-4FD6-8101-4DFEA3817F47}.Release|Any CPU.ActiveCfg = Release|Any CPU
		{E823D53E-4065-4FD6-8101-4DFEA3817F47}.Release|Any CPU.Build.0 = Release|Any CPU
		{5BEDE6CC-A1FB-4B66-9D7B-81A763503527}.Debug|Any CPU.ActiveCfg = Debug|Any CPU
		{5BEDE6CC-A1FB-4B66-9D7B-81A763503527}.Debug|Any CPU.Build.0 = Debug|Any CPU
		{5BEDE6CC-A1FB-4B66-9D7B-81A763503527}.Release|Any CPU.ActiveCfg = Release|Any CPU
		{5BEDE6CC-A1FB-4B66-9D7B-81A763503527}.Release|Any CPU.Build.0 = Release|Any CPU
		{CE5B33B4-11F1-42C7-92CF-A89EBEF59AB1}.Debug|Any CPU.ActiveCfg = Debug|Any CPU
		{CE5B33B4-11F1-42C7-92CF-A89EBEF59AB1}.Debug|Any CPU.Build.0 = Debug|Any CPU
		{CE5B33B4-11F1-42C7-92CF-A89EBEF59AB1}.Release|Any CPU.ActiveCfg = Release|Any CPU
		{CE5B33B4-11F1-42C7-92CF-A89EBEF59AB1}.Release|Any CPU.Build.0 = Release|Any CPU
		{58B82F4A-8CA4-4065-970F-9443F237709C}.Debug|Any CPU.ActiveCfg = Debug|Any CPU
		{58B82F4A-8CA4-4065-970F-9443F237709C}.Debug|Any CPU.Build.0 = Debug|Any CPU
		{58B82F4A-8CA4-4065-970F-9443F237709C}.Release|Any CPU.ActiveCfg = Release|Any CPU
		{58B82F4A-8CA4-4065-970F-9443F237709C}.Release|Any CPU.Build.0 = Release|Any CPU
		{27F13017-2360-436F-ABFF-B1AD34E4F341}.Debug|Any CPU.ActiveCfg = Debug|Any CPU
		{27F13017-2360-436F-ABFF-B1AD34E4F341}.Debug|Any CPU.Build.0 = Debug|Any CPU
		{27F13017-2360-436F-ABFF-B1AD34E4F341}.Release|Any CPU.ActiveCfg = Release|Any CPU
		{27F13017-2360-436F-ABFF-B1AD34E4F341}.Release|Any CPU.Build.0 = Release|Any CPU
		{3E211CB8-2744-4FC6-B118-CF09D0290AF2}.Debug|Any CPU.ActiveCfg = Debug|Any CPU
		{3E211CB8-2744-4FC6-B118-CF09D0290AF2}.Debug|Any CPU.Build.0 = Debug|Any CPU
		{3E211CB8-2744-4FC6-B118-CF09D0290AF2}.Release|Any CPU.ActiveCfg = Release|Any CPU
		{3E211CB8-2744-4FC6-B118-CF09D0290AF2}.Release|Any CPU.Build.0 = Release|Any CPU
		{7C0A68AD-B2A8-44C4-A407-3F16F4332497}.Debug|Any CPU.ActiveCfg = Debug|Any CPU
		{7C0A68AD-B2A8-44C4-A407-3F16F4332497}.Debug|Any CPU.Build.0 = Debug|Any CPU
		{7C0A68AD-B2A8-44C4-A407-3F16F4332497}.Release|Any CPU.ActiveCfg = Release|Any CPU
		{7C0A68AD-B2A8-44C4-A407-3F16F4332497}.Release|Any CPU.Build.0 = Release|Any CPU
		{7CF48E15-1073-4DAC-9E3F-CD578971C0EB}.Debug|Any CPU.ActiveCfg = Debug|Any CPU
		{7CF48E15-1073-4DAC-9E3F-CD578971C0EB}.Debug|Any CPU.Build.0 = Debug|Any CPU
		{7CF48E15-1073-4DAC-9E3F-CD578971C0EB}.Release|Any CPU.ActiveCfg = Release|Any CPU
		{7CF48E15-1073-4DAC-9E3F-CD578971C0EB}.Release|Any CPU.Build.0 = Release|Any CPU
		{212AA6CE-C6AA-4233-9E1E-025FF82322ED}.Debug|Any CPU.ActiveCfg = Debug|Any CPU
		{212AA6CE-C6AA-4233-9E1E-025FF82322ED}.Debug|Any CPU.Build.0 = Debug|Any CPU
		{212AA6CE-C6AA-4233-9E1E-025FF82322ED}.Release|Any CPU.ActiveCfg = Release|Any CPU
		{212AA6CE-C6AA-4233-9E1E-025FF82322ED}.Release|Any CPU.Build.0 = Release|Any CPU
		{7A9C95DE-9748-44FA-AB99-778BC33802D7}.Debug|Any CPU.ActiveCfg = Debug|Any CPU
		{7A9C95DE-9748-44FA-AB99-778BC33802D7}.Debug|Any CPU.Build.0 = Debug|Any CPU
		{7A9C95DE-9748-44FA-AB99-778BC33802D7}.Release|Any CPU.ActiveCfg = Release|Any CPU
		{7A9C95DE-9748-44FA-AB99-778BC33802D7}.Release|Any CPU.Build.0 = Release|Any CPU
		{FBAEC551-CFA1-4EFC-962A-8B577D3CA682}.Debug|Any CPU.ActiveCfg = Debug|Any CPU
		{FBAEC551-CFA1-4EFC-962A-8B577D3CA682}.Debug|Any CPU.Build.0 = Debug|Any CPU
		{FBAEC551-CFA1-4EFC-962A-8B577D3CA682}.Release|Any CPU.ActiveCfg = Release|Any CPU
		{FBAEC551-CFA1-4EFC-962A-8B577D3CA682}.Release|Any CPU.Build.0 = Release|Any CPU
		{359FA024-B7EF-4183-A824-F87BDF8E9132}.Debug|Any CPU.ActiveCfg = Debug|Any CPU
		{359FA024-B7EF-4183-A824-F87BDF8E9132}.Debug|Any CPU.Build.0 = Debug|Any CPU
		{359FA024-B7EF-4183-A824-F87BDF8E9132}.Release|Any CPU.ActiveCfg = Release|Any CPU
		{359FA024-B7EF-4183-A824-F87BDF8E9132}.Release|Any CPU.Build.0 = Release|Any CPU
		{95F61065-5D6D-4D50-A5A4-FF7EADC828CC}.Debug|Any CPU.ActiveCfg = Debug|Any CPU
		{95F61065-5D6D-4D50-A5A4-FF7EADC828CC}.Debug|Any CPU.Build.0 = Debug|Any CPU
		{95F61065-5D6D-4D50-A5A4-FF7EADC828CC}.Release|Any CPU.ActiveCfg = Release|Any CPU
		{95F61065-5D6D-4D50-A5A4-FF7EADC828CC}.Release|Any CPU.Build.0 = Release|Any CPU
		{3B950183-D35E-4A22-8200-12EA25107F48}.Debug|Any CPU.ActiveCfg = Debug|Any CPU
		{3B950183-D35E-4A22-8200-12EA25107F48}.Debug|Any CPU.Build.0 = Debug|Any CPU
		{3B950183-D35E-4A22-8200-12EA25107F48}.Release|Any CPU.ActiveCfg = Release|Any CPU
		{3B950183-D35E-4A22-8200-12EA25107F48}.Release|Any CPU.Build.0 = Release|Any CPU
		{BA9A19C3-AF79-4E0F-9DBF-03AD17AC8A8F}.Debug|Any CPU.ActiveCfg = Debug|Any CPU
		{BA9A19C3-AF79-4E0F-9DBF-03AD17AC8A8F}.Debug|Any CPU.Build.0 = Debug|Any CPU
		{BA9A19C3-AF79-4E0F-9DBF-03AD17AC8A8F}.Release|Any CPU.ActiveCfg = Release|Any CPU
		{BA9A19C3-AF79-4E0F-9DBF-03AD17AC8A8F}.Release|Any CPU.Build.0 = Release|Any CPU
	EndGlobalSection
	GlobalSection(SolutionProperties) = preSolution
		HideSolutionNode = FALSE
	EndGlobalSection
	GlobalSection(NestedProjects) = preSolution
		{88C2AAB7-0CBB-4B84-9BE8-EA9AA8CA62F7} = {DCB10BC0-0F42-4BF3-9F5A-8B7F0E87D1F0}
		{DCB10BC0-0F42-4BF3-9F5A-8B7F0E87D1F0} = {AC9CE066-C9F3-4B63-B00D-92F83747FCC9}
		{6F823092-74AF-40C0-8C74-1592F6682E45} = {DCB10BC0-0F42-4BF3-9F5A-8B7F0E87D1F0}
		{B8C7B56A-8ABE-4B24-930A-8ABFDF8ADA93} = {BE64DF81-8760-43DC-91B3-3597B0553745}
		{9E488220-BF26-4471-A739-EEA2A29E08AF} = {B8C7B56A-8ABE-4B24-930A-8ABFDF8ADA93}
		{90262ABA-A841-4654-8CB5-E732AE995005} = {BE64DF81-8760-43DC-91B3-3597B0553745}
		{DBFD33FC-4841-407E-83B0-43CAD57149B2} = {BE64DF81-8760-43DC-91B3-3597B0553745}
		{86F61C83-EEA6-4007-98B8-395E0508426E} = {BE64DF81-8760-43DC-91B3-3597B0553745}
		{76B34951-BFAE-4D9F-8928-2D8EE3C94CCF} = {2386A5CC-2726-48A6-96F6-B298BC3A28A4}
		{79F74D8F-26A0-4F7E-96DD-FB92CB335702} = {2386A5CC-2726-48A6-96F6-B298BC3A28A4}
		{8D9B0086-AC40-443B-A4EA-F6D0EB26022B} = {2386A5CC-2726-48A6-96F6-B298BC3A28A4}
		{61601E2D-728F-4B0B-BE65-D6976CED4FD5} = {2386A5CC-2726-48A6-96F6-B298BC3A28A4}
		{02240AFA-9658-498E-931A-7A19D8356711} = {BE64DF81-8760-43DC-91B3-3597B0553745}
		{E823D53E-4065-4FD6-8101-4DFEA3817F47} = {02240AFA-9658-498E-931A-7A19D8356711}
		{5BEDE6CC-A1FB-4B66-9D7B-81A763503527} = {90262ABA-A841-4654-8CB5-E732AE995005}
		{CE5B33B4-11F1-42C7-92CF-A89EBEF59AB1} = {DBFD33FC-4841-407E-83B0-43CAD57149B2}
		{58B82F4A-8CA4-4065-970F-9443F237709C} = {86F61C83-EEA6-4007-98B8-395E0508426E}
		{27F13017-2360-436F-ABFF-B1AD34E4F341} = {76B34951-BFAE-4D9F-8928-2D8EE3C94CCF}
		{3E211CB8-2744-4FC6-B118-CF09D0290AF2} = {79F74D8F-26A0-4F7E-96DD-FB92CB335702}
		{7C0A68AD-B2A8-44C4-A407-3F16F4332497} = {79F74D8F-26A0-4F7E-96DD-FB92CB335702}
		{7CF48E15-1073-4DAC-9E3F-CD578971C0EB} = {8D9B0086-AC40-443B-A4EA-F6D0EB26022B}
		{212AA6CE-C6AA-4233-9E1E-025FF82322ED} = {61601E2D-728F-4B0B-BE65-D6976CED4FD5}
		{D29F4A8B-7DE2-4783-8469-2CF23363F0F0} = {2386A5CC-2726-48A6-96F6-B298BC3A28A4}
		{7A9C95DE-9748-44FA-AB99-778BC33802D7} = {D29F4A8B-7DE2-4783-8469-2CF23363F0F0}
		{FBAEC551-CFA1-4EFC-962A-8B577D3CA682} = {D29F4A8B-7DE2-4783-8469-2CF23363F0F0}
		{FFEABC22-E957-4B91-AEC7-54392AA00F0E} = {2386A5CC-2726-48A6-96F6-B298BC3A28A4}
		{359FA024-B7EF-4183-A824-F87BDF8E9132} = {FFEABC22-E957-4B91-AEC7-54392AA00F0E}
		{19D9A680-CA4C-41FD-BB84-E0C36A0D191B} = {2386A5CC-2726-48A6-96F6-B298BC3A28A4}
		{95F61065-5D6D-4D50-A5A4-FF7EADC828CC} = {19D9A680-CA4C-41FD-BB84-E0C36A0D191B}
		{835F9DD3-087F-4453-9893-6EF0D1ABB08E} = {AC9CE066-C9F3-4B63-B00D-92F83747FCC9}
		{3B950183-D35E-4A22-8200-12EA25107F48} = {835F9DD3-087F-4453-9893-6EF0D1ABB08E}
		{60279EBF-58DC-49EC-8C25-F22DBBC98E29} = {AC9CE066-C9F3-4B63-B00D-92F83747FCC9}
		{BA9A19C3-AF79-4E0F-9DBF-03AD17AC8A8F} = {60279EBF-58DC-49EC-8C25-F22DBBC98E29}
		{9AB443F2-62CE-4B0A-95FC-2C16431A04B1} = {AC9CE066-C9F3-4B63-B00D-92F83747FCC9}
	EndGlobalSection
	GlobalSection(ExtensibilityGlobals) = postSolution
		SolutionGuid = {E705DF4F-56E2-46F3-8AC4-58F7207555D1}
	EndGlobalSection
EndGlobal
