
Microsoft Visual Studio Solution File, Format Version 12.00
# Visual Studio 15
VisualStudioVersion = 15.0.28010.2050
MinimumVisualStudioVersion = 10.0.40219.1
Project("{9A19103F-16F7-4668-BE54-9A1E7A4F7556}") = "ObserverPattern", "ObserverPattern\ObserverPattern.csproj", "{88C2AAB7-0CBB-4B84-9BE8-EA9AA8CA62F7}"
EndProject
Project("{2150E333-8FDC-42A3-9474-1A3956D46DE8}") = "3、行为型模式", "3、行为型模式", "{AC9CE066-C9F3-4B63-B00D-92F83747FCC9}"
EndProject
Project("{2150E333-8FDC-42A3-9474-1A3956D46DE8}") = "1、创建型模式", "1、创建型模式", "{BE64DF81-8760-43DC-91B3-3597B0553745}"
EndProject
Project("{2150E333-8FDC-42A3-9474-1A3956D46DE8}") = "2、结构弄模式", "2、结构弄模式", "{2386A5CC-2726-48A6-96F6-B298BC3A28A4}"
EndProject
Project("{2150E333-8FDC-42A3-9474-1A3956D46DE8}") = "18观察者模式", "18观察者模式", "{DCB10BC0-0F42-4BF3-9F5A-8B7F0E87D1F0}"
EndProject
Project("{FAE04EC0-301F-11D3-BF4B-00C04F79EFBC}") = "ObserverPatternEnvent", "ObserverPatternEnvent\ObserverPatternEnvent.csproj", "{6F823092-74AF-40C0-8C74-1592F6682E45}"
EndProject
Global
	GlobalSection(SolutionConfigurationPlatforms) = preSolution
		Debug|Any CPU = Debug|Any CPU
		Release|Any CPU = Release|Any CPU
	EndGlobalSection
	GlobalSection(ProjectConfigurationPlatforms) = postSolution
		{88C2AAB7-0CBB-4B84-9BE8-EA9AA8CA62F7}.Debug|Any CPU.ActiveCfg = Debug|Any CPU
		{88C2AAB7-0CBB-4B84-9BE8-EA9AA8CA62F7}.Debug|Any CPU.Build.0 = Debug|Any CPU
		{88C2AAB7-0CBB-4B84-9BE8-EA9AA8CA62F7}.Release|Any CPU.ActiveCfg = Release|Any CPU
		{88C2AAB7-0CBB-4B84-9BE8-EA9AA8CA62F7}.Release|Any CPU.Build.0 = Release|Any CPU
		{6F823092-74AF-40C0-8C74-1592F6682E45}.Debug|Any CPU.ActiveCfg = Debug|Any CPU
		{6F823092-74AF-40C0-8C74-1592F6682E45}.Debug|Any CPU.Build.0 = Debug|Any CPU
		{6F823092-74AF-40C0-8C74-1592F6682E45}.Release|Any CPU.ActiveCfg = Release|Any CPU
		{6F823092-74AF-40C0-8C74-1592F6682E45}.Release|Any CPU.Build.0 = Release|Any CPU
	EndGlobalSection
	GlobalSection(SolutionProperties) = preSolution
		HideSolutionNode = FALSE
	EndGlobalSection
	GlobalSection(NestedProjects) = preSolution
		{88C2AAB7-0CBB-4B84-9BE8-EA9AA8CA62F7} = {DCB10BC0-0F42-4BF3-9F5A-8B7F0E87D1F0}
		{DCB10BC0-0F42-4BF3-9F5A-8B7F0E87D1F0} = {AC9CE066-C9F3-4B63-B00D-92F83747FCC9}
		{6F823092-74AF-40C0-8C74-1592F6682E45} = {DCB10BC0-0F42-4BF3-9F5A-8B7F0E87D1F0}
	EndGlobalSection
	GlobalSection(ExtensibilityGlobals) = postSolution
		SolutionGuid = {E705DF4F-56E2-46F3-8AC4-58F7207555D1}
	EndGlobalSection
EndGlobal
