
Microsoft Visual Studio Solution File, Format Version 12.00
# Visual Studio 15
VisualStudioVersion = 15.0.28010.2050
MinimumVisualStudioVersion = 10.0.40219.1
Project("{9A19103F-16F7-4668-BE54-9A1E7A4F7556}") = "ObserverPattern", "ObserverPattern\ObserverPattern.csproj", "{88C2AAB7-0CBB-4B84-9BE8-EA9AA8CA62F7}"
EndProject
Project("{2150E333-8FDC-42A3-9474-1A3956D46DE8}") = "3、行为型模式", "3、行为型模式", "{AC9CE066-C9F3-4B63-B00D-92F83747FCC9}"
EndProject
Project("{2150E333-8FDC-42A3-9474-1A3956D46DE8}") = "1、创建型模式", "1、创建型模式", "{BE64DF81-8760-43DC-91B3-3597B0553745}"
EndProject
Project("{2150E333-8FDC-42A3-9474-1A3956D46DE8}") = "2、结构弄模式", "2、结构弄模式", "{2386A5CC-2726-48A6-96F6-B298BC3A28A4}"
EndProject
Project("{2150E333-8FDC-42A3-9474-1A3956D46DE8}") = "18观察者模式", "18观察者模式", "{DCB10BC0-0F42-4BF3-9F5A-8B7F0E87D1F0}"
EndProject
Project("{9A19103F-16F7-4668-BE54-9A1E7A4F7556}") = "ObserverPatternEnvent", "ObserverPatternEnvent\ObserverPatternEnvent.csproj", "{6F823092-74AF-40C0-8C74-1592F6682E45}"
EndProject
Project("{9A19103F-16F7-4668-BE54-9A1E7A4F7556}") = "OOPPattern", "OOPPattern\OOPPattern.csproj", "{87288EDC-61E3-43FF-AE85-82BB0B1E9B7B}"
EndProject
Project("{2150E333-8FDC-42A3-9474-1A3956D46DE8}") = "1、Singleton单件", "1、Singleton单件", "{B8C7B56A-8ABE-4B24-930A-8ABFDF8ADA93}"
EndProject
Project("{9A19103F-16F7-4668-BE54-9A1E7A4F7556}") = "SingletonPattern", "SingletonPattern\SingletonPattern.csproj", "{9E488220-BF26-4471-A739-EEA2A29E08AF}"
EndProject
Project("{2150E333-8FDC-42A3-9474-1A3956D46DE8}") = "3、Bulider生成器", "3、Bulider生成器", "{90262ABA-A841-4654-8CB5-E732AE995005}"
EndProject
Project("{2150E333-8FDC-42A3-9474-1A3956D46DE8}") = "4、FactoryMethod工厂方法模式", "4、FactoryMethod工厂方法模式", "{DBFD33FC-4841-407E-83B0-43CAD57149B2}"
EndProject
Project("{2150E333-8FDC-42A3-9474-1A3956D46DE8}") = "5、Prototype原型模式", "5、Prototype原型模式", "{86F61C83-EEA6-4007-98B8-395E0508426E}"
EndProject
Project("{2150E333-8FDC-42A3-9474-1A3956D46DE8}") = "6、Adapter适配器模式", "6、Adapter适配器模式", "{76B34951-BFAE-4D9F-8928-2D8EE3C94CCF}"
EndProject
Project("{2150E333-8FDC-42A3-9474-1A3956D46DE8}") = "7、Bridge桥接模式", "7、Bridge桥接模式", "{79F74D8F-26A0-4F7E-96DD-FB92CB335702}"
EndProject
Project("{2150E333-8FDC-42A3-9474-1A3956D46DE8}") = "8、Composite组合模式", "8、Composite组合模式", "{8D9B0086-AC40-443B-A4EA-F6D0EB26022B}"
EndProject
Project("{2150E333-8FDC-42A3-9474-1A3956D46DE8}") = "9、Decorator装饰模式", "9、Decorator装饰模式", "{61601E2D-728F-4B0B-BE65-D6976CED4FD5}"
EndProject
Project("{2150E333-8FDC-42A3-9474-1A3956D46DE8}") = "2、AbstractFactory抽象工厂模式", "2、AbstractFactory抽象工厂模式", "{02240AFA-9658-498E-931A-7A19D8356711}"
EndProject
Project("{9A19103F-16F7-4668-BE54-9A1E7A4F7556}") = "AbstractFactoryPattern", "AbstractFactoryPattern\AbstractFactoryPattern.csproj", "{E823D53E-4065-4FD6-8101-4DFEA3817F47}"
EndProject
Global
	GlobalSection(SolutionConfigurationPlatforms) = preSolution
		Debug|Any CPU = Debug|Any CPU
		Release|Any CPU = Release|Any CPU
	EndGlobalSection
	GlobalSection(ProjectConfigurationPlatforms) = postSolution
		{88C2AAB7-0CBB-4B84-9BE8-EA9AA8CA62F7}.Debug|Any CPU.ActiveCfg = Debug|Any CPU
		{88C2AAB7-0CBB-4B84-9BE8-EA9AA8CA62F7}.Debug|Any CPU.Build.0 = Debug|Any CPU
		{88C2AAB7-0CBB-4B84-9BE8-EA9AA8CA62F7}.Release|Any CPU.ActiveCfg = Release|Any CPU
		{88C2AAB7-0CBB-4B84-9BE8-EA9AA8CA62F7}.Release|Any CPU.Build.0 = Release|Any CPU
		{6F823092-74AF-40C0-8C74-1592F6682E45}.Debug|Any CPU.ActiveCfg = Debug|Any CPU
		{6F823092-74AF-40C0-8C74-1592F6682E45}.Debug|Any CPU.Build.0 = Debug|Any CPU
		{6F823092-74AF-40C0-8C74-1592F6682E45}.Release|Any CPU.ActiveCfg = Release|Any CPU
		{6F823092-74AF-40C0-8C74-1592F6682E45}.Release|Any CPU.Build.0 = Release|Any CPU
		{87288EDC-61E3-43FF-AE85-82BB0B1E9B7B}.Debug|Any CPU.ActiveCfg = Debug|Any CPU
		{87288EDC-61E3-43FF-AE85-82BB0B1E9B7B}.Debug|Any CPU.Build.0 = Debug|Any CPU
		{87288EDC-61E3-43FF-AE85-82BB0B1E9B7B}.Release|Any CPU.ActiveCfg = Release|Any CPU
		{87288EDC-61E3-43FF-AE85-82BB0B1E9B7B}.Release|Any CPU.Build.0 = Release|Any CPU
		{9E488220-BF26-4471-A739-EEA2A29E08AF}.Debug|Any CPU.ActiveCfg = Debug|Any CPU
		{9E488220-BF26-4471-A739-EEA2A29E08AF}.Debug|Any CPU.Build.0 = Debug|Any CPU
		{9E488220-BF26-4471-A739-EEA2A29E08AF}.Release|Any CPU.ActiveCfg = Release|Any CPU
		{9E488220-BF26-4471-A739-EEA2A29E08AF}.Release|Any CPU.Build.0 = Release|Any CPU
		{E823D53E-4065-4FD6-8101-4DFEA3817F47}.Debug|Any CPU.ActiveCfg = Debug|Any CPU
		{E823D53E-4065-4FD6-8101-4DFEA3817F47}.Debug|Any CPU.Build.0 = Debug|Any CPU
		{E823D53E-4065-4FD6-8101-4DFEA3817F47}.Release|Any CPU.ActiveCfg = Release|Any CPU
		{E823D53E-4065-4FD6-8101-4DFEA3817F47}.Release|Any CPU.Build.0 = Release|Any CPU
	EndGlobalSection
	GlobalSection(SolutionProperties) = preSolution
		HideSolutionNode = FALSE
	EndGlobalSection
	GlobalSection(NestedProjects) = preSolution
		{88C2AAB7-0CBB-4B84-9BE8-EA9AA8CA62F7} = {DCB10BC0-0F42-4BF3-9F5A-8B7F0E87D1F0}
		{DCB10BC0-0F42-4BF3-9F5A-8B7F0E87D1F0} = {AC9CE066-C9F3-4B63-B00D-92F83747FCC9}
		{6F823092-74AF-40C0-8C74-1592F6682E45} = {DCB10BC0-0F42-4BF3-9F5A-8B7F0E87D1F0}
		{B8C7B56A-8ABE-4B24-930A-8ABFDF8ADA93} = {BE64DF81-8760-43DC-91B3-3597B0553745}
		{9E488220-BF26-4471-A739-EEA2A29E08AF} = {B8C7B56A-8ABE-4B24-930A-8ABFDF8ADA93}
		{90262ABA-A841-4654-8CB5-E732AE995005} = {BE64DF81-8760-43DC-91B3-3597B0553745}
		{DBFD33FC-4841-407E-83B0-43CAD57149B2} = {BE64DF81-8760-43DC-91B3-3597B0553745}
		{86F61C83-EEA6-4007-98B8-395E0508426E} = {BE64DF81-8760-43DC-91B3-3597B0553745}
		{76B34951-BFAE-4D9F-8928-2D8EE3C94CCF} = {2386A5CC-2726-48A6-96F6-B298BC3A28A4}
		{79F74D8F-26A0-4F7E-96DD-FB92CB335702} = {2386A5CC-2726-48A6-96F6-B298BC3A28A4}
		{8D9B0086-AC40-443B-A4EA-F6D0EB26022B} = {2386A5CC-2726-48A6-96F6-B298BC3A28A4}
		{61601E2D-728F-4B0B-BE65-D6976CED4FD5} = {2386A5CC-2726-48A6-96F6-B298BC3A28A4}
		{02240AFA-9658-498E-931A-7A19D8356711} = {BE64DF81-8760-43DC-91B3-3597B0553745}
		{E823D53E-4065-4FD6-8101-4DFEA3817F47} = {02240AFA-9658-498E-931A-7A19D8356711}
	EndGlobalSection
	GlobalSection(ExtensibilityGlobals) = postSolution
		SolutionGuid = {E705DF4F-56E2-46F3-8AC4-58F7207555D1}
	EndGlobalSection
EndGlobal
